
Microsoft Visual Studio Solution File, Format Version 12.00
# Visual Studio Version 16
VisualStudioVersion = 16.0.30804.86
MinimumVisualStudioVersion = 10.0.40219.1
Project("{FAE04EC0-301F-11D3-BF4B-00C04F79EFBC}") = "Tax0r Proxy Checker", "Tax0r Proxy Checker\Tax0r Proxy Checker.csproj", "{235A4196-FD55-439C-AC39-1F2DEC1C495A}"
EndProject
Global
	GlobalSection(SolutionConfigurationPlatforms) = preSolution
		Debug|Any CPU = Debug|Any CPU
		Release|Any CPU = Release|Any CPU
	EndGlobalSection
	GlobalSection(ProjectConfigurationPlatforms) = postSolution
		{235A4196-FD55-439C-AC39-1F2DEC1C495A}.Debug|Any CPU.ActiveCfg = Debug|Any CPU
		{235A4196-FD55-439C-AC39-1F2DEC1C495A}.Debug|Any CPU.Build.0 = Debug|Any CPU
		{235A4196-FD55-439C-AC39-1F2DEC1C495A}.Release|Any CPU.ActiveCfg = Release|Any CPU
		{235A4196-FD55-439C-AC39-1F2DEC1C495A}.Release|Any CPU.Build.0 = Release|Any CPU
	EndGlobalSection
	GlobalSection(SolutionProperties) = preSolution
		HideSolutionNode = FALSE
	EndGlobalSection
	GlobalSection(ExtensibilityGlobals) = postSolution
		SolutionGuid = {7BE0903E-CBD6-4734-B0DD-91E1E315E474}
	EndGlobalSection
EndGlobal
